// !$*UTF8*$!
{
	archiveVersion = 1;
	classes = {
	};
	objectVersion = 46;
	objects = {

/* Begin PBXBuildFile section */
		18005EBD158E4CAD005E8504 /* FSGPUImageFilterManager.m in Sources */ = {isa = PBXBuildFile; fileRef = 18005EBC158E4A74005E8504 /* FSGPUImageFilterManager.m */; };
		1888B259158D9D6D00950C40 /* sketchblur2.jpg in Resources */ = {isa = PBXBuildFile; fileRef = 1888B252158D9D6D00950C40 /* sketchblur2.jpg */; };
		1888B25A158D9D6D00950C40 /* sketchnoisegray.jpg in Resources */ = {isa = PBXBuildFile; fileRef = 1888B253158D9D6D00950C40 /* sketchnoisegray.jpg */; };
		1888B25B158D9D6D00950C40 /* sketchhms.jpg in Resources */ = {isa = PBXBuildFile; fileRef = 1888B254158D9D6D00950C40 /* sketchhms.jpg */; };
		1888B25C158D9D6D00950C40 /* sketchlightness.jpg in Resources */ = {isa = PBXBuildFile; fileRef = 1888B255158D9D6D00950C40 /* sketchlightness.jpg */; };
		1888B25D158D9D6D00950C40 /* sketchnoise.jpg in Resources */ = {isa = PBXBuildFile; fileRef = 1888B256158D9D6D00950C40 /* sketchnoise.jpg */; };
		1888B25E158D9D6D00950C40 /* sketchblur1.jpg in Resources */ = {isa = PBXBuildFile; fileRef = 1888B257158D9D6D00950C40 /* sketchblur1.jpg */; };
		1888B25F158D9D6D00950C40 /* sketchsharpen.jpg in Resources */ = {isa = PBXBuildFile; fileRef = 1888B258158D9D6D00950C40 /* sketchsharpen.jpg */; };
		1888B263158DA29900950C40 /* wood.jpg in Resources */ = {isa = PBXBuildFile; fileRef = 1888B261158DA29800950C40 /* wood.jpg */; };
		1888B264158DA29900950C40 /* stone.jpg in Resources */ = {isa = PBXBuildFile; fileRef = 1888B262158DA29900950C40 /* stone.jpg */; };
		1888B27F158DFFBC00950C40 /* LaunchImageTransition.m in Sources */ = {isa = PBXBuildFile; fileRef = 1888B27E158DFE2A00950C40 /* LaunchImageTransition.m */; settings = {COMPILER_FLAGS = "-fno-objc-arc"; }; };
		189098CC1590B29300E60FB9 /* left.png in Resources */ = {isa = PBXBuildFile; fileRef = 189098CB1590B29300E60FB9 /* left.png */; };
		18919C0215946BF70067B1CE /* Icon-72.png in Resources */ = {isa = PBXBuildFile; fileRef = 18919BFC15946BF70067B1CE /* Icon-72.png */; };
		18919C0315946BF70067B1CE /* Icon-Small-50.png in Resources */ = {isa = PBXBuildFile; fileRef = 18919BFD15946BF70067B1CE /* Icon-Small-50.png */; };
		18919C0415946BF70067B1CE /* Icon-Small.png in Resources */ = {isa = PBXBuildFile; fileRef = 18919BFE15946BF70067B1CE /* Icon-Small.png */; };
		18919C0515946BF70067B1CE /* Icon-Small@2x.png in Resources */ = {isa = PBXBuildFile; fileRef = 18919BFF15946BF70067B1CE /* Icon-Small@2x.png */; };
		18919C0615946BF70067B1CE /* Icon.png in Resources */ = {isa = PBXBuildFile; fileRef = 18919C0015946BF70067B1CE /* Icon.png */; };
		18919C0715946BF70067B1CE /* Icon@2x.png in Resources */ = {isa = PBXBuildFile; fileRef = 18919C0115946BF70067B1CE /* Icon@2x.png */; };
		18919C09159478160067B1CE /* Default.png in Resources */ = {isa = PBXBuildFile; fileRef = 18919C08159478160067B1CE /* Default.png */; };
		18919C0B15947A6A0067B1CE /* Icon-72@2x.png in Resources */ = {isa = PBXBuildFile; fileRef = 18919C0A15947A6A0067B1CE /* Icon-72@2x.png */; };
		189EBF34158C508A00DF177C /* UIKit.framework in Frameworks */ = {isa = PBXBuildFile; fileRef = 189EBF33158C508A00DF177C /* UIKit.framework */; };
		189EBF36158C508A00DF177C /* Foundation.framework in Frameworks */ = {isa = PBXBuildFile; fileRef = 189EBF35158C508A00DF177C /* Foundation.framework */; };
		189EBF38158C508A00DF177C /* CoreGraphics.framework in Frameworks */ = {isa = PBXBuildFile; fileRef = 189EBF37158C508A00DF177C /* CoreGraphics.framework */; };
		189EBF3E158C508A00DF177C /* InfoPlist.strings in Resources */ = {isa = PBXBuildFile; fileRef = 189EBF3C158C508A00DF177C /* InfoPlist.strings */; };
		189EBF40158C508A00DF177C /* main.m in Sources */ = {isa = PBXBuildFile; fileRef = 189EBF3F158C508A00DF177C /* main.m */; };
		189EBF44158C508A00DF177C /* AppDelegate.m in Sources */ = {isa = PBXBuildFile; fileRef = 189EBF43158C508A00DF177C /* AppDelegate.m */; };
		189EBF47158C508A00DF177C /* ViewController.m in Sources */ = {isa = PBXBuildFile; fileRef = 189EBF46158C508A00DF177C /* ViewController.m */; };
		189EBF61158C566E00DF177C /* CoreMedia.framework in Frameworks */ = {isa = PBXBuildFile; fileRef = 189EBF60158C566E00DF177C /* CoreMedia.framework */; };
		189EBF63158C567600DF177C /* CoreVideo.framework in Frameworks */ = {isa = PBXBuildFile; fileRef = 189EBF62158C567600DF177C /* CoreVideo.framework */; };
		189EBF65158C567E00DF177C /* OpenGLES.framework in Frameworks */ = {isa = PBXBuildFile; fileRef = 189EBF64158C567E00DF177C /* OpenGLES.framework */; };
		189EBF67158C568D00DF177C /* AVFoundation.framework in Frameworks */ = {isa = PBXBuildFile; fileRef = 189EBF66158C568D00DF177C /* AVFoundation.framework */; };
		189EBF69158C569600DF177C /* QuartzCore.framework in Frameworks */ = {isa = PBXBuildFile; fileRef = 189EBF68158C569500DF177C /* QuartzCore.framework */; };
		189EBF6A158C56A100DF177C /* libGPUImage.a in Frameworks */ = {isa = PBXBuildFile; fileRef = 189EBF5D158C564A00DF177C /* libGPUImage.a */; };
		189EBF6E158C580300DF177C /* AssetsLibrary.framework in Frameworks */ = {isa = PBXBuildFile; fileRef = 189EBF6D158C580300DF177C /* AssetsLibrary.framework */; };
		189EBFA5158CB8D300DF177C /* MKStoreKitConfigs.plist in Resources */ = {isa = PBXBuildFile; fileRef = 189EBF9D158CB8D300DF177C /* MKStoreKitConfigs.plist */; };
		189EBFA6158CB8D300DF177C /* MKStoreManager.m in Sources */ = {isa = PBXBuildFile; fileRef = 189EBF9F158CB8D300DF177C /* MKStoreManager.m */; };
		189EBFA7158CB8D300DF177C /* MKStoreObserver.m in Sources */ = {isa = PBXBuildFile; fileRef = 189EBFA1158CB8D300DF177C /* MKStoreObserver.m */; };
		189EBFA8158CB8D300DF177C /* README.mdown in Resources */ = {isa = PBXBuildFile; fileRef = 189EBFA2158CB8D300DF177C /* README.mdown */; };
		189EBFAB158CB95300DF177C /* StoreKit.framework in Frameworks */ = {isa = PBXBuildFile; fileRef = 189EBFAA158CB95300DF177C /* StoreKit.framework */; };
		189EBFAD158CB95B00DF177C /* Security.framework in Frameworks */ = {isa = PBXBuildFile; fileRef = 189EBFAC158CB95B00DF177C /* Security.framework */; };
		189EBFB3158CBAA500DF177C /* MKSKProduct.m in Sources */ = {isa = PBXBuildFile; fileRef = 189EBFAF158CBAA500DF177C /* MKSKProduct.m */; };
		189EBFB4158CBAA500DF177C /* MKSKSubscriptionProduct.m in Sources */ = {isa = PBXBuildFile; fileRef = 189EBFB1158CBAA500DF177C /* MKSKSubscriptionProduct.m */; };
		189EBFBB158CBB0100DF177C /* JSONKit.m in Sources */ = {isa = PBXBuildFile; fileRef = 189EBFB6158CBB0000DF177C /* JSONKit.m */; settings = {COMPILER_FLAGS = "-fno-objc-arc"; }; };
		189EBFBC158CBB0100DF177C /* NSData+Base64.m in Sources */ = {isa = PBXBuildFile; fileRef = 189EBFB8158CBB0100DF177C /* NSData+Base64.m */; settings = {COMPILER_FLAGS = "-fno-objc-arc"; }; };
		189EBFBD158CBB0100DF177C /* SFHFKeychainUtils.m in Sources */ = {isa = PBXBuildFile; fileRef = 189EBFBA158CBB0100DF177C /* SFHFKeychainUtils.m */; settings = {COMPILER_FLAGS = "-fno-objc-arc"; }; };
		189EBFD8158D965200DF177C /* camera1@96.png in Resources */ = {isa = PBXBuildFile; fileRef = 189EBFCB158D965200DF177C /* camera1@96.png */; };
		189EBFD9158D965200DF177C /* camera1@128.png in Resources */ = {isa = PBXBuildFile; fileRef = 189EBFCC158D965200DF177C /* camera1@128.png */; };
		189EBFDA158D965200DF177C /* button_grey_rec@48.png in Resources */ = {isa = PBXBuildFile; fileRef = 189EBFCD158D965200DF177C /* button_grey_rec@48.png */; };
		189EBFDB158D965200DF177C /* button_grey_rec@64.png in Resources */ = {isa = PBXBuildFile; fileRef = 189EBFCE158D965200DF177C /* button_grey_rec@64.png */; };
		189EBFDC158D965200DF177C /* button_grey_rec@128.png in Resources */ = {isa = PBXBuildFile; fileRef = 189EBFCF158D965200DF177C /* button_grey_rec@128.png */; };
		189EBFDD158D965200DF177C /* button_grey_stop@48.png in Resources */ = {isa = PBXBuildFile; fileRef = 189EBFD0158D965200DF177C /* button_grey_stop@48.png */; };
		189EBFDE158D965200DF177C /* button_grey_stop@64.png in Resources */ = {isa = PBXBuildFile; fileRef = 189EBFD1158D965200DF177C /* button_grey_stop@64.png */; };
		189EBFDF158D965200DF177C /* button_grey_stop@128.png in Resources */ = {isa = PBXBuildFile; fileRef = 189EBFD2158D965200DF177C /* button_grey_stop@128.png */; };
		189EBFE3158D965200DF177C /* button_stop_red.png in Resources */ = {isa = PBXBuildFile; fileRef = 189EBFD6158D965200DF177C /* button_stop_red.png */; };
		189EBFE4158D965200DF177C /* media_record.png in Resources */ = {isa = PBXBuildFile; fileRef = 189EBFD7158D965200DF177C /* media_record.png */; };
		18A5BC241593200F000BC676 /* 3x3_grid.png in Resources */ = {isa = PBXBuildFile; fileRef = 18A5BC151593200F000BC676 /* 3x3_grid.png */; };
		18A5BC251593200F000BC676 /* button_blue_repeat@48.png in Resources */ = {isa = PBXBuildFile; fileRef = 18A5BC161593200F000BC676 /* button_blue_repeat@48.png */; };
		18A5BC261593200F000BC676 /* button_blue_repeat@64.png in Resources */ = {isa = PBXBuildFile; fileRef = 18A5BC171593200F000BC676 /* button_blue_repeat@64.png */; };
		18A5BC271593200F000BC676 /* button_blue_repeat@128.png in Resources */ = {isa = PBXBuildFile; fileRef = 18A5BC181593200F000BC676 /* button_blue_repeat@128.png */; };
		18A5BC281593200F000BC676 /* camera.png in Resources */ = {isa = PBXBuildFile; fileRef = 18A5BC191593200F000BC676 /* camera.png */; };
		18A5BC291593200F000BC676 /* camera@64.png in Resources */ = {isa = PBXBuildFile; fileRef = 18A5BC1A1593200F000BC676 /* camera@64.png */; };
		18A5BC2A1593200F000BC676 /* disc@96.png in Resources */ = {isa = PBXBuildFile; fileRef = 18A5BC1B1593200F000BC676 /* disc@96.png */; };
		18A5BC2B1593200F000BC676 /* disc@128.png in Resources */ = {isa = PBXBuildFile; fileRef = 18A5BC1C1593200F000BC676 /* disc@128.png */; };
		18A5BC2C1593200F000BC676 /* disc@256.png in Resources */ = {isa = PBXBuildFile; fileRef = 18A5BC1D1593200F000BC676 /* disc@256.png */; };
		18A5BC2D1593200F000BC676 /* gear@48.png in Resources */ = {isa = PBXBuildFile; fileRef = 18A5BC1E1593200F000BC676 /* gear@48.png */; };
		18A5BC2E1593200F000BC676 /* gear@64.png in Resources */ = {isa = PBXBuildFile; fileRef = 18A5BC1F1593200F000BC676 /* gear@64.png */; };
		18A5BC2F1593200F000BC676 /* gear@128.png in Resources */ = {isa = PBXBuildFile; fileRef = 18A5BC201593200F000BC676 /* gear@128.png */; };
		18A5BC301593200F000BC676 /* video_camera@96.png in Resources */ = {isa = PBXBuildFile; fileRef = 18A5BC211593200F000BC676 /* video_camera@96.png */; };
		18A5BC311593200F000BC676 /* video_camera@128.png in Resources */ = {isa = PBXBuildFile; fileRef = 18A5BC221593200F000BC676 /* video_camera@128.png */; };
		18A5BC321593200F000BC676 /* video_camera@256.png in Resources */ = {isa = PBXBuildFile; fileRef = 18A5BC231593200F000BC676 /* video_camera@256.png */; };
		18A5BC34159437B5000BC676 /* fether.jpeg in Resources */ = {isa = PBXBuildFile; fileRef = 18A5BC33159437B5000BC676 /* fether.jpeg */; };
/* End PBXBuildFile section */

/* Begin PBXContainerItemProxy section */
		189EBF5C158C564A00DF177C /* PBXContainerItemProxy */ = {
			isa = PBXContainerItemProxy;
			containerPortal = 189EBF53158C564900DF177C /* GPUImage.xcodeproj */;
			proxyType = 2;
			remoteGlobalIDString = BCF1A33414DDB1EC00852800;
			remoteInfo = GPUImage;
		};
		189EBF5E158C564A00DF177C /* PBXContainerItemProxy */ = {
			isa = PBXContainerItemProxy;
			containerPortal = 189EBF53158C564900DF177C /* GPUImage.xcodeproj */;
			proxyType = 2;
			remoteGlobalIDString = BCF1A34414DDB1EC00852800;
			remoteInfo = GPUImageTests;
		};
		189EBF6B158C56B200DF177C /* PBXContainerItemProxy */ = {
			isa = PBXContainerItemProxy;
			containerPortal = 189EBF53158C564900DF177C /* GPUImage.xcodeproj */;
			proxyType = 1;
			remoteGlobalIDString = BCF1A33314DDB1EC00852800;
			remoteInfo = GPUImage;
		};
/* End PBXContainerItemProxy section */

/* Begin PBXFileReference section */
		18005EBB158E4A74005E8504 /* FSGPUImageFilterManager.h */ = {isa = PBXFileReference; lastKnownFileType = sourcecode.c.h; path = FSGPUImageFilterManager.h; sourceTree = "<group>"; };
		18005EBC158E4A74005E8504 /* FSGPUImageFilterManager.m */ = {isa = PBXFileReference; lastKnownFileType = sourcecode.c.objc; path = FSGPUImageFilterManager.m; sourceTree = "<group>"; };
		1888B252158D9D6D00950C40 /* sketchblur2.jpg */ = {isa = PBXFileReference; lastKnownFileType = image.jpeg; path = sketchblur2.jpg; sourceTree = "<group>"; };
		1888B253158D9D6D00950C40 /* sketchnoisegray.jpg */ = {isa = PBXFileReference; lastKnownFileType = image.jpeg; path = sketchnoisegray.jpg; sourceTree = "<group>"; };
		1888B254158D9D6D00950C40 /* sketchhms.jpg */ = {isa = PBXFileReference; lastKnownFileType = image.jpeg; path = sketchhms.jpg; sourceTree = "<group>"; };
		1888B255158D9D6D00950C40 /* sketchlightness.jpg */ = {isa = PBXFileReference; lastKnownFileType = image.jpeg; path = sketchlightness.jpg; sourceTree = "<group>"; };
		1888B256158D9D6D00950C40 /* sketchnoise.jpg */ = {isa = PBXFileReference; lastKnownFileType = image.jpeg; path = sketchnoise.jpg; sourceTree = "<group>"; };
		1888B257158D9D6D00950C40 /* sketchblur1.jpg */ = {isa = PBXFileReference; lastKnownFileType = image.jpeg; path = sketchblur1.jpg; sourceTree = "<group>"; };
		1888B258158D9D6D00950C40 /* sketchsharpen.jpg */ = {isa = PBXFileReference; lastKnownFileType = image.jpeg; path = sketchsharpen.jpg; sourceTree = "<group>"; };
		1888B261158DA29800950C40 /* wood.jpg */ = {isa = PBXFileReference; lastKnownFileType = image.jpeg; path = wood.jpg; sourceTree = "<group>"; };
		1888B262158DA29900950C40 /* stone.jpg */ = {isa = PBXFileReference; lastKnownFileType = image.jpeg; path = stone.jpg; sourceTree = "<group>"; };
		1888B27D158DFE2A00950C40 /* LaunchImageTransition.h */ = {isa = PBXFileReference; lastKnownFileType = sourcecode.c.h; path = LaunchImageTransition.h; sourceTree = "<group>"; };
		1888B27E158DFE2A00950C40 /* LaunchImageTransition.m */ = {isa = PBXFileReference; lastKnownFileType = sourcecode.c.objc; path = LaunchImageTransition.m; sourceTree = "<group>"; };
		189098CB1590B29300E60FB9 /* left.png */ = {isa = PBXFileReference; lastKnownFileType = image.png; path = left.png; sourceTree = "<group>"; };
		18919BFC15946BF70067B1CE /* Icon-72.png */ = {isa = PBXFileReference; lastKnownFileType = image.png; path = "Icon-72.png"; sourceTree = "<group>"; };
		18919BFD15946BF70067B1CE /* Icon-Small-50.png */ = {isa = PBXFileReference; lastKnownFileType = image.png; path = "Icon-Small-50.png"; sourceTree = "<group>"; };
		18919BFE15946BF70067B1CE /* Icon-Small.png */ = {isa = PBXFileReference; lastKnownFileType = image.png; path = "Icon-Small.png"; sourceTree = "<group>"; };
		18919BFF15946BF70067B1CE /* Icon-Small@2x.png */ = {isa = PBXFileReference; lastKnownFileType = image.png; path = "Icon-Small@2x.png"; sourceTree = "<group>"; };
		18919C0015946BF70067B1CE /* Icon.png */ = {isa = PBXFileReference; lastKnownFileType = image.png; path = Icon.png; sourceTree = "<group>"; };
		18919C0115946BF70067B1CE /* Icon@2x.png */ = {isa = PBXFileReference; lastKnownFileType = image.png; path = "Icon@2x.png"; sourceTree = "<group>"; };
		18919C08159478160067B1CE /* Default.png */ = {isa = PBXFileReference; lastKnownFileType = image.png; path = Default.png; sourceTree = "<group>"; };
		18919C0A15947A6A0067B1CE /* Icon-72@2x.png */ = {isa = PBXFileReference; lastKnownFileType = image.png; path = "Icon-72@2x.png"; sourceTree = "<group>"; };
		189EBF2F158C508A00DF177C /* ArtCam.app */ = {isa = PBXFileReference; explicitFileType = wrapper.application; includeInIndex = 0; path = ArtCam.app; sourceTree = BUILT_PRODUCTS_DIR; };
		189EBF33158C508A00DF177C /* UIKit.framework */ = {isa = PBXFileReference; lastKnownFileType = wrapper.framework; name = UIKit.framework; path = System/Library/Frameworks/UIKit.framework; sourceTree = SDKROOT; };
		189EBF35158C508A00DF177C /* Foundation.framework */ = {isa = PBXFileReference; lastKnownFileType = wrapper.framework; name = Foundation.framework; path = System/Library/Frameworks/Foundation.framework; sourceTree = SDKROOT; };
		189EBF37158C508A00DF177C /* CoreGraphics.framework */ = {isa = PBXFileReference; lastKnownFileType = wrapper.framework; name = CoreGraphics.framework; path = System/Library/Frameworks/CoreGraphics.framework; sourceTree = SDKROOT; };
		189EBF3B158C508A00DF177C /* SketchCam-Info.plist */ = {isa = PBXFileReference; lastKnownFileType = text.plist.xml; path = "SketchCam-Info.plist"; sourceTree = "<group>"; };
		189EBF3D158C508A00DF177C /* en */ = {isa = PBXFileReference; lastKnownFileType = text.plist.strings; name = en; path = en.lproj/InfoPlist.strings; sourceTree = "<group>"; };
		189EBF3F158C508A00DF177C /* main.m */ = {isa = PBXFileReference; lastKnownFileType = sourcecode.c.objc; path = main.m; sourceTree = "<group>"; };
		189EBF41158C508A00DF177C /* SketchCam-Prefix.pch */ = {isa = PBXFileReference; lastKnownFileType = sourcecode.c.h; path = "SketchCam-Prefix.pch"; sourceTree = "<group>"; };
		189EBF42158C508A00DF177C /* AppDelegate.h */ = {isa = PBXFileReference; lastKnownFileType = sourcecode.c.h; path = AppDelegate.h; sourceTree = "<group>"; };
		189EBF43158C508A00DF177C /* AppDelegate.m */ = {isa = PBXFileReference; lastKnownFileType = sourcecode.c.objc; path = AppDelegate.m; sourceTree = "<group>"; };
		189EBF45158C508A00DF177C /* ViewController.h */ = {isa = PBXFileReference; lastKnownFileType = sourcecode.c.h; path = ViewController.h; sourceTree = "<group>"; };
		189EBF46158C508A00DF177C /* ViewController.m */ = {isa = PBXFileReference; lastKnownFileType = sourcecode.c.objc; path = ViewController.m; sourceTree = "<group>"; };
		189EBF53158C564900DF177C /* GPUImage.xcodeproj */ = {isa = PBXFileReference; lastKnownFileType = "wrapper.pb-project"; name = GPUImage.xcodeproj; path = vendor/gpuimage/framework/GPUImage.xcodeproj; sourceTree = "<group>"; };
		189EBF60158C566E00DF177C /* CoreMedia.framework */ = {isa = PBXFileReference; lastKnownFileType = wrapper.framework; name = CoreMedia.framework; path = System/Library/Frameworks/CoreMedia.framework; sourceTree = SDKROOT; };
		189EBF62158C567600DF177C /* CoreVideo.framework */ = {isa = PBXFileReference; lastKnownFileType = wrapper.framework; name = CoreVideo.framework; path = System/Library/Frameworks/CoreVideo.framework; sourceTree = SDKROOT; };
		189EBF64158C567E00DF177C /* OpenGLES.framework */ = {isa = PBXFileReference; lastKnownFileType = wrapper.framework; name = OpenGLES.framework; path = System/Library/Frameworks/OpenGLES.framework; sourceTree = SDKROOT; };
		189EBF66158C568D00DF177C /* AVFoundation.framework */ = {isa = PBXFileReference; lastKnownFileType = wrapper.framework; name = AVFoundation.framework; path = System/Library/Frameworks/AVFoundation.framework; sourceTree = SDKROOT; };
		189EBF68158C569500DF177C /* QuartzCore.framework */ = {isa = PBXFileReference; lastKnownFileType = wrapper.framework; name = QuartzCore.framework; path = System/Library/Frameworks/QuartzCore.framework; sourceTree = SDKROOT; };
		189EBF6D158C580300DF177C /* AssetsLibrary.framework */ = {isa = PBXFileReference; lastKnownFileType = wrapper.framework; name = AssetsLibrary.framework; path = System/Library/Frameworks/AssetsLibrary.framework; sourceTree = SDKROOT; };
		189EBF9D158CB8D300DF177C /* MKStoreKitConfigs.plist */ = {isa = PBXFileReference; fileEncoding = 4; lastKnownFileType = text.plist.xml; name = MKStoreKitConfigs.plist; path = vendor/mkstorekit/MKStoreKitConfigs.plist; sourceTree = "<group>"; };
		189EBF9E158CB8D300DF177C /* MKStoreManager.h */ = {isa = PBXFileReference; fileEncoding = 4; lastKnownFileType = sourcecode.c.h; name = MKStoreManager.h; path = vendor/mkstorekit/MKStoreManager.h; sourceTree = "<group>"; };
		189EBF9F158CB8D300DF177C /* MKStoreManager.m */ = {isa = PBXFileReference; fileEncoding = 4; lastKnownFileType = sourcecode.c.objc; name = MKStoreManager.m; path = vendor/mkstorekit/MKStoreManager.m; sourceTree = "<group>"; };
		189EBFA0158CB8D300DF177C /* MKStoreObserver.h */ = {isa = PBXFileReference; fileEncoding = 4; lastKnownFileType = sourcecode.c.h; name = MKStoreObserver.h; path = vendor/mkstorekit/MKStoreObserver.h; sourceTree = "<group>"; };
		189EBFA1158CB8D300DF177C /* MKStoreObserver.m */ = {isa = PBXFileReference; fileEncoding = 4; lastKnownFileType = sourcecode.c.objc; name = MKStoreObserver.m; path = vendor/mkstorekit/MKStoreObserver.m; sourceTree = "<group>"; };
		189EBFA2158CB8D300DF177C /* README.mdown */ = {isa = PBXFileReference; fileEncoding = 4; lastKnownFileType = text; name = README.mdown; path = vendor/mkstorekit/README.mdown; sourceTree = "<group>"; };
		189EBFAA158CB95300DF177C /* StoreKit.framework */ = {isa = PBXFileReference; lastKnownFileType = wrapper.framework; name = StoreKit.framework; path = System/Library/Frameworks/StoreKit.framework; sourceTree = SDKROOT; };
		189EBFAC158CB95B00DF177C /* Security.framework */ = {isa = PBXFileReference; lastKnownFileType = wrapper.framework; name = Security.framework; path = System/Library/Frameworks/Security.framework; sourceTree = SDKROOT; };
		189EBFAE158CBAA500DF177C /* MKSKProduct.h */ = {isa = PBXFileReference; fileEncoding = 4; lastKnownFileType = sourcecode.c.h; name = MKSKProduct.h; path = vendor/mkstorekit/MKSKProduct.h; sourceTree = "<group>"; };
		189EBFAF158CBAA500DF177C /* MKSKProduct.m */ = {isa = PBXFileReference; fileEncoding = 4; lastKnownFileType = sourcecode.c.objc; name = MKSKProduct.m; path = vendor/mkstorekit/MKSKProduct.m; sourceTree = "<group>"; };
		189EBFB0158CBAA500DF177C /* MKSKSubscriptionProduct.h */ = {isa = PBXFileReference; fileEncoding = 4; lastKnownFileType = sourcecode.c.h; name = MKSKSubscriptionProduct.h; path = vendor/mkstorekit/MKSKSubscriptionProduct.h; sourceTree = "<group>"; };
		189EBFB1158CBAA500DF177C /* MKSKSubscriptionProduct.m */ = {isa = PBXFileReference; fileEncoding = 4; lastKnownFileType = sourcecode.c.objc; name = MKSKSubscriptionProduct.m; path = vendor/mkstorekit/MKSKSubscriptionProduct.m; sourceTree = "<group>"; };
		189EBFB2158CBAA500DF177C /* MKStoreKitConfigs.h */ = {isa = PBXFileReference; fileEncoding = 4; lastKnownFileType = sourcecode.c.h; name = MKStoreKitConfigs.h; path = vendor/mkstorekit/MKStoreKitConfigs.h; sourceTree = "<group>"; };
		189EBFB5158CBB0000DF177C /* JSONKit.h */ = {isa = PBXFileReference; fileEncoding = 4; lastKnownFileType = sourcecode.c.h; name = JSONKit.h; path = vendor/mkstorekit/Externals/JSONKit.h; sourceTree = "<group>"; };
		189EBFB6158CBB0000DF177C /* JSONKit.m */ = {isa = PBXFileReference; fileEncoding = 4; lastKnownFileType = sourcecode.c.objc; name = JSONKit.m; path = vendor/mkstorekit/Externals/JSONKit.m; sourceTree = "<group>"; };
		189EBFB7158CBB0100DF177C /* NSData+Base64.h */ = {isa = PBXFileReference; fileEncoding = 4; lastKnownFileType = sourcecode.c.h; name = "NSData+Base64.h"; path = "vendor/mkstorekit/Externals/NSData+Base64.h"; sourceTree = "<group>"; };
		189EBFB8158CBB0100DF177C /* NSData+Base64.m */ = {isa = PBXFileReference; fileEncoding = 4; lastKnownFileType = sourcecode.c.objc; name = "NSData+Base64.m"; path = "vendor/mkstorekit/Externals/NSData+Base64.m"; sourceTree = "<group>"; };
		189EBFB9158CBB0100DF177C /* SFHFKeychainUtils.h */ = {isa = PBXFileReference; fileEncoding = 4; lastKnownFileType = sourcecode.c.h; name = SFHFKeychainUtils.h; path = vendor/mkstorekit/Externals/SFHFKeychainUtils.h; sourceTree = "<group>"; };
		189EBFBA158CBB0100DF177C /* SFHFKeychainUtils.m */ = {isa = PBXFileReference; fileEncoding = 4; lastKnownFileType = sourcecode.c.objc; name = SFHFKeychainUtils.m; path = vendor/mkstorekit/Externals/SFHFKeychainUtils.m; sourceTree = "<group>"; };
		189EBFCA158CE0C600DF177C /* sketchcam.entitlements */ = {isa = PBXFileReference; lastKnownFileType = text.xml; name = sketchcam.entitlements; path = sketchcam/sketchcam.entitlements; sourceTree = "<group>"; };
		189EBFCB158D965200DF177C /* camera1@96.png */ = {isa = PBXFileReference; lastKnownFileType = image.png; path = "camera1@96.png"; sourceTree = "<group>"; };
		189EBFCC158D965200DF177C /* camera1@128.png */ = {isa = PBXFileReference; lastKnownFileType = image.png; path = "camera1@128.png"; sourceTree = "<group>"; };
		189EBFCD158D965200DF177C /* button_grey_rec@48.png */ = {isa = PBXFileReference; lastKnownFileType = image.png; path = "button_grey_rec@48.png"; sourceTree = "<group>"; };
		189EBFCE158D965200DF177C /* button_grey_rec@64.png */ = {isa = PBXFileReference; lastKnownFileType = image.png; path = "button_grey_rec@64.png"; sourceTree = "<group>"; };
		189EBFCF158D965200DF177C /* button_grey_rec@128.png */ = {isa = PBXFileReference; lastKnownFileType = image.png; path = "button_grey_rec@128.png"; sourceTree = "<group>"; };
		189EBFD0158D965200DF177C /* button_grey_stop@48.png */ = {isa = PBXFileReference; lastKnownFileType = image.png; path = "button_grey_stop@48.png"; sourceTree = "<group>"; };
		189EBFD1158D965200DF177C /* button_grey_stop@64.png */ = {isa = PBXFileReference; lastKnownFileType = image.png; path = "button_grey_stop@64.png"; sourceTree = "<group>"; };
		189EBFD2158D965200DF177C /* button_grey_stop@128.png */ = {isa = PBXFileReference; lastKnownFileType = image.png; path = "button_grey_stop@128.png"; sourceTree = "<group>"; };
		189EBFD6158D965200DF177C /* button_stop_red.png */ = {isa = PBXFileReference; lastKnownFileType = image.png; path = button_stop_red.png; sourceTree = "<group>"; };
		189EBFD7158D965200DF177C /* media_record.png */ = {isa = PBXFileReference; lastKnownFileType = image.png; path = media_record.png; sourceTree = "<group>"; };
		18A5BC151593200F000BC676 /* 3x3_grid.png */ = {isa = PBXFileReference; lastKnownFileType = image.png; path = 3x3_grid.png; sourceTree = "<group>"; };
		18A5BC161593200F000BC676 /* button_blue_repeat@48.png */ = {isa = PBXFileReference; lastKnownFileType = image.png; path = "button_blue_repeat@48.png"; sourceTree = "<group>"; };
		18A5BC171593200F000BC676 /* button_blue_repeat@64.png */ = {isa = PBXFileReference; lastKnownFileType = image.png; path = "button_blue_repeat@64.png"; sourceTree = "<group>"; };
		18A5BC181593200F000BC676 /* button_blue_repeat@128.png */ = {isa = PBXFileReference; lastKnownFileType = image.png; path = "button_blue_repeat@128.png"; sourceTree = "<group>"; };
		18A5BC191593200F000BC676 /* camera.png */ = {isa = PBXFileReference; lastKnownFileType = image.png; path = camera.png; sourceTree = "<group>"; };
		18A5BC1A1593200F000BC676 /* camera@64.png */ = {isa = PBXFileReference; lastKnownFileType = image.png; path = "camera@64.png"; sourceTree = "<group>"; };
		18A5BC1B1593200F000BC676 /* disc@96.png */ = {isa = PBXFileReference; lastKnownFileType = image.png; path = "disc@96.png"; sourceTree = "<group>"; };
		18A5BC1C1593200F000BC676 /* disc@128.png */ = {isa = PBXFileReference; lastKnownFileType = image.png; path = "disc@128.png"; sourceTree = "<group>"; };
		18A5BC1D1593200F000BC676 /* disc@256.png */ = {isa = PBXFileReference; lastKnownFileType = image.png; path = "disc@256.png"; sourceTree = "<group>"; };
		18A5BC1E1593200F000BC676 /* gear@48.png */ = {isa = PBXFileReference; lastKnownFileType = image.png; path = "gear@48.png"; sourceTree = "<group>"; };
		18A5BC1F1593200F000BC676 /* gear@64.png */ = {isa = PBXFileReference; lastKnownFileType = image.png; path = "gear@64.png"; sourceTree = "<group>"; };
		18A5BC201593200F000BC676 /* gear@128.png */ = {isa = PBXFileReference; lastKnownFileType = image.png; path = "gear@128.png"; sourceTree = "<group>"; };
		18A5BC211593200F000BC676 /* video_camera@96.png */ = {isa = PBXFileReference; lastKnownFileType = image.png; path = "video_camera@96.png"; sourceTree = "<group>"; };
		18A5BC221593200F000BC676 /* video_camera@128.png */ = {isa = PBXFileReference; lastKnownFileType = image.png; path = "video_camera@128.png"; sourceTree = "<group>"; };
		18A5BC231593200F000BC676 /* video_camera@256.png */ = {isa = PBXFileReference; lastKnownFileType = image.png; path = "video_camera@256.png"; sourceTree = "<group>"; };
		18A5BC33159437B5000BC676 /* fether.jpeg */ = {isa = PBXFileReference; lastKnownFileType = image.jpeg; path = fether.jpeg; sourceTree = "<group>"; };
/* End PBXFileReference section */

/* Begin PBXFrameworksBuildPhase section */
		189EBF2C158C508A00DF177C /* Frameworks */ = {
			isa = PBXFrameworksBuildPhase;
			buildActionMask = 2147483647;
			files = (
				189EBFAD158CB95B00DF177C /* Security.framework in Frameworks */,
				189EBFAB158CB95300DF177C /* StoreKit.framework in Frameworks */,
				189EBF6E158C580300DF177C /* AssetsLibrary.framework in Frameworks */,
				189EBF6A158C56A100DF177C /* libGPUImage.a in Frameworks */,
				189EBF69158C569600DF177C /* QuartzCore.framework in Frameworks */,
				189EBF67158C568D00DF177C /* AVFoundation.framework in Frameworks */,
				189EBF65158C567E00DF177C /* OpenGLES.framework in Frameworks */,
				189EBF63158C567600DF177C /* CoreVideo.framework in Frameworks */,
				189EBF61158C566E00DF177C /* CoreMedia.framework in Frameworks */,
				189EBF34158C508A00DF177C /* UIKit.framework in Frameworks */,
				189EBF36158C508A00DF177C /* Foundation.framework in Frameworks */,
				189EBF38158C508A00DF177C /* CoreGraphics.framework in Frameworks */,
			);
			runOnlyForDeploymentPostprocessing = 0;
		};
/* End PBXFrameworksBuildPhase section */

/* Begin PBXGroup section */
		1888B260158D9D7300950C40 /* sketch_pattern */ = {
			isa = PBXGroup;
			children = (
				18A5BC33159437B5000BC676 /* fether.jpeg */,
				1888B261158DA29800950C40 /* wood.jpg */,
				1888B262158DA29900950C40 /* stone.jpg */,
				1888B252158D9D6D00950C40 /* sketchblur2.jpg */,
				1888B253158D9D6D00950C40 /* sketchnoisegray.jpg */,
				1888B254158D9D6D00950C40 /* sketchhms.jpg */,
				1888B255158D9D6D00950C40 /* sketchlightness.jpg */,
				1888B256158D9D6D00950C40 /* sketchnoise.jpg */,
				1888B257158D9D6D00950C40 /* sketchblur1.jpg */,
				1888B258158D9D6D00950C40 /* sketchsharpen.jpg */,
			);
			name = sketch_pattern;
			sourceTree = "<group>";
		};
		189EBF24158C508900DF177C = {
			isa = PBXGroup;
			children = (
				18919C0A15947A6A0067B1CE /* Icon-72@2x.png */,
				18919BFC15946BF70067B1CE /* Icon-72.png */,
				18919BFD15946BF70067B1CE /* Icon-Small-50.png */,
				18919BFE15946BF70067B1CE /* Icon-Small.png */,
				18919BFF15946BF70067B1CE /* Icon-Small@2x.png */,
				18919C0015946BF70067B1CE /* Icon.png */,
				18919C0115946BF70067B1CE /* Icon@2x.png */,
				189EBFCA158CE0C600DF177C /* sketchcam.entitlements */,
				189EBFA9158CB8DC00DF177C /* MKStoreKit */,
				189EBF39158C508A00DF177C /* SketchCam */,
				189EBF32158C508A00DF177C /* Frameworks */,
				189EBF30158C508A00DF177C /* Products */,
			);
			sourceTree = "<group>";
		};
		189EBF30158C508A00DF177C /* Products */ = {
			isa = PBXGroup;
			children = (
				189EBF2F158C508A00DF177C /* ArtCam.app */,
			);
			name = Products;
			sourceTree = "<group>";
		};
		189EBF32158C508A00DF177C /* Frameworks */ = {
			isa = PBXGroup;
			children = (
				189EBFAC158CB95B00DF177C /* Security.framework */,
				189EBFAA158CB95300DF177C /* StoreKit.framework */,
				189EBF53158C564900DF177C /* GPUImage.xcodeproj */,
				189EBF6D158C580300DF177C /* AssetsLibrary.framework */,
				189EBF68158C569500DF177C /* QuartzCore.framework */,
				189EBF66158C568D00DF177C /* AVFoundation.framework */,
				189EBF64158C567E00DF177C /* OpenGLES.framework */,
				189EBF62158C567600DF177C /* CoreVideo.framework */,
				189EBF60158C566E00DF177C /* CoreMedia.framework */,
				189EBF33158C508A00DF177C /* UIKit.framework */,
				189EBF35158C508A00DF177C /* Foundation.framework */,
				189EBF37158C508A00DF177C /* CoreGraphics.framework */,
			);
			name = Frameworks;
			sourceTree = "<group>";
		};
		189EBF39158C508A00DF177C /* SketchCam */ = {
			isa = PBXGroup;
			children = (
				18005EBB158E4A74005E8504 /* FSGPUImageFilterManager.h */,
				18005EBC158E4A74005E8504 /* FSGPUImageFilterManager.m */,
				1888B27D158DFE2A00950C40 /* LaunchImageTransition.h */,
				1888B27E158DFE2A00950C40 /* LaunchImageTransition.m */,
				189EBF42158C508A00DF177C /* AppDelegate.h */,
				189EBF43158C508A00DF177C /* AppDelegate.m */,
				189EBF45158C508A00DF177C /* ViewController.h */,
				189EBF46158C508A00DF177C /* ViewController.m */,
				189EBF3A158C508A00DF177C /* Supporting Files */,
			);
			path = SketchCam;
			sourceTree = "<group>";
		};
		189EBF3A158C508A00DF177C /* Supporting Files */ = {
			isa = PBXGroup;
			children = (
				18919C08159478160067B1CE /* Default.png */,
				1888B260158D9D7300950C40 /* sketch_pattern */,
				189EBFE5158D965D00DF177C /* UI_Resources */,
				189EBF3B158C508A00DF177C /* SketchCam-Info.plist */,
				189EBF3C158C508A00DF177C /* InfoPlist.strings */,
				189EBF3F158C508A00DF177C /* main.m */,
				189EBF41158C508A00DF177C /* SketchCam-Prefix.pch */,
			);
			name = "Supporting Files";
			sourceTree = "<group>";
		};
		189EBF54158C564900DF177C /* Products */ = {
			isa = PBXGroup;
			children = (
				189EBF5D158C564A00DF177C /* libGPUImage.a */,
				189EBF5F158C564A00DF177C /* GPUImageTests.octest */,
			);
			name = Products;
			sourceTree = "<group>";
		};
		189EBFA9158CB8DC00DF177C /* MKStoreKit */ = {
			isa = PBXGroup;
			children = (
				189EBFBE158CBB0900DF177C /* Externals */,
				189EBFAE158CBAA500DF177C /* MKSKProduct.h */,
				189EBFAF158CBAA500DF177C /* MKSKProduct.m */,
				189EBFB0158CBAA500DF177C /* MKSKSubscriptionProduct.h */,
				189EBFB1158CBAA500DF177C /* MKSKSubscriptionProduct.m */,
				189EBFB2158CBAA500DF177C /* MKStoreKitConfigs.h */,
				189EBF9D158CB8D300DF177C /* MKStoreKitConfigs.plist */,
				189EBF9E158CB8D300DF177C /* MKStoreManager.h */,
				189EBF9F158CB8D300DF177C /* MKStoreManager.m */,
				189EBFA0158CB8D300DF177C /* MKStoreObserver.h */,
				189EBFA1158CB8D300DF177C /* MKStoreObserver.m */,
				189EBFA2158CB8D300DF177C /* README.mdown */,
			);
			name = MKStoreKit;
			sourceTree = "<group>";
		};
		189EBFBE158CBB0900DF177C /* Externals */ = {
			isa = PBXGroup;
			children = (
				189EBFB5158CBB0000DF177C /* JSONKit.h */,
				189EBFB6158CBB0000DF177C /* JSONKit.m */,
				189EBFB7158CBB0100DF177C /* NSData+Base64.h */,
				189EBFB8158CBB0100DF177C /* NSData+Base64.m */,
				189EBFB9158CBB0100DF177C /* SFHFKeychainUtils.h */,
				189EBFBA158CBB0100DF177C /* SFHFKeychainUtils.m */,
			);
			name = Externals;
			sourceTree = "<group>";
		};
		189EBFE5158D965D00DF177C /* UI_Resources */ = {
			isa = PBXGroup;
			children = (
				18A5BC151593200F000BC676 /* 3x3_grid.png */,
				18A5BC161593200F000BC676 /* button_blue_repeat@48.png */,
				18A5BC171593200F000BC676 /* button_blue_repeat@64.png */,
				18A5BC181593200F000BC676 /* button_blue_repeat@128.png */,
				18A5BC191593200F000BC676 /* camera.png */,
				18A5BC1A1593200F000BC676 /* camera@64.png */,
				18A5BC1B1593200F000BC676 /* disc@96.png */,
				18A5BC1C1593200F000BC676 /* disc@128.png */,
				18A5BC1D1593200F000BC676 /* disc@256.png */,
				18A5BC1E1593200F000BC676 /* gear@48.png */,
				18A5BC1F1593200F000BC676 /* gear@64.png */,
				18A5BC201593200F000BC676 /* gear@128.png */,
				18A5BC211593200F000BC676 /* video_camera@96.png */,
				18A5BC221593200F000BC676 /* video_camera@128.png */,
				18A5BC231593200F000BC676 /* video_camera@256.png */,
				189098CB1590B29300E60FB9 /* left.png */,
				189EBFCB158D965200DF177C /* camera1@96.png */,
				189EBFCC158D965200DF177C /* camera1@128.png */,
				189EBFCD158D965200DF177C /* button_grey_rec@48.png */,
				189EBFCE158D965200DF177C /* button_grey_rec@64.png */,
				189EBFCF158D965200DF177C /* button_grey_rec@128.png */,
				189EBFD0158D965200DF177C /* button_grey_stop@48.png */,
				189EBFD1158D965200DF177C /* button_grey_stop@64.png */,
				189EBFD2158D965200DF177C /* button_grey_stop@128.png */,
				189EBFD6158D965200DF177C /* button_stop_red.png */,
				189EBFD7158D965200DF177C /* media_record.png */,
			);
			name = UI_Resources;
			sourceTree = "<group>";
		};
/* End PBXGroup section */

/* Begin PBXNativeTarget section */
		189EBF2E158C508A00DF177C /* ArtCam */ = {
			isa = PBXNativeTarget;
			buildConfigurationList = 189EBF50158C508A00DF177C /* Build configuration list for PBXNativeTarget "ArtCam" */;
			buildPhases = (
				189EBF2B158C508A00DF177C /* Sources */,
				189EBF2C158C508A00DF177C /* Frameworks */,
				189EBF2D158C508A00DF177C /* Resources */,
			);
			buildRules = (
			);
			dependencies = (
				189EBF6C158C56B200DF177C /* PBXTargetDependency */,
			);
			name = ArtCam;
			productName = SketchCam;
			productReference = 189EBF2F158C508A00DF177C /* ArtCam.app */;
			productType = "com.apple.product-type.application";
		};
/* End PBXNativeTarget section */

/* Begin PBXProject section */
		189EBF26158C508900DF177C /* Project object */ = {
			isa = PBXProject;
			attributes = {
				LastUpgradeCheck = 0430;
			};
			buildConfigurationList = 189EBF29158C508900DF177C /* Build configuration list for PBXProject "SketchCam" */;
			compatibilityVersion = "Xcode 3.2";
			developmentRegion = English;
			hasScannedForEncodings = 0;
			knownRegions = (
				en,
			);
			mainGroup = 189EBF24158C508900DF177C;
			productRefGroup = 189EBF30158C508A00DF177C /* Products */;
			projectDirPath = "";
			projectReferences = (
				{
					ProductGroup = 189EBF54158C564900DF177C /* Products */;
					ProjectRef = 189EBF53158C564900DF177C /* GPUImage.xcodeproj */;
				},
			);
			projectRoot = "";
			targets = (
				189EBF2E158C508A00DF177C /* ArtCam */,
			);
		};
/* End PBXProject section */

/* Begin PBXReferenceProxy section */
		189EBF5D158C564A00DF177C /* libGPUImage.a */ = {
			isa = PBXReferenceProxy;
			fileType = archive.ar;
			path = libGPUImage.a;
			remoteRef = 189EBF5C158C564A00DF177C /* PBXContainerItemProxy */;
			sourceTree = BUILT_PRODUCTS_DIR;
		};
		189EBF5F158C564A00DF177C /* GPUImageTests.octest */ = {
			isa = PBXReferenceProxy;
			fileType = wrapper.cfbundle;
			path = GPUImageTests.octest;
			remoteRef = 189EBF5E158C564A00DF177C /* PBXContainerItemProxy */;
			sourceTree = BUILT_PRODUCTS_DIR;
		};
/* End PBXReferenceProxy section */

/* Begin PBXResourcesBuildPhase section */
		189EBF2D158C508A00DF177C /* Resources */ = {
			isa = PBXResourcesBuildPhase;
			buildActionMask = 2147483647;
			files = (
				189EBF3E158C508A00DF177C /* InfoPlist.strings in Resources */,
				189EBFA5158CB8D300DF177C /* MKStoreKitConfigs.plist in Resources */,
				189EBFA8158CB8D300DF177C /* README.mdown in Resources */,
				189EBFD8158D965200DF177C /* camera1@96.png in Resources */,
				189EBFD9158D965200DF177C /* camera1@128.png in Resources */,
				189EBFDA158D965200DF177C /* button_grey_rec@48.png in Resources */,
				189EBFDB158D965200DF177C /* button_grey_rec@64.png in Resources */,
				189EBFDC158D965200DF177C /* button_grey_rec@128.png in Resources */,
				189EBFDD158D965200DF177C /* button_grey_stop@48.png in Resources */,
				189EBFDE158D965200DF177C /* button_grey_stop@64.png in Resources */,
				189EBFDF158D965200DF177C /* button_grey_stop@128.png in Resources */,
				189EBFE3158D965200DF177C /* button_stop_red.png in Resources */,
				189EBFE4158D965200DF177C /* media_record.png in Resources */,
				1888B259158D9D6D00950C40 /* sketchblur2.jpg in Resources */,
				1888B25A158D9D6D00950C40 /* sketchnoisegray.jpg in Resources */,
				1888B25B158D9D6D00950C40 /* sketchhms.jpg in Resources */,
				1888B25C158D9D6D00950C40 /* sketchlightness.jpg in Resources */,
				1888B25D158D9D6D00950C40 /* sketchnoise.jpg in Resources */,
				1888B25E158D9D6D00950C40 /* sketchblur1.jpg in Resources */,
				1888B25F158D9D6D00950C40 /* sketchsharpen.jpg in Resources */,
				1888B263158DA29900950C40 /* wood.jpg in Resources */,
				1888B264158DA29900950C40 /* stone.jpg in Resources */,
				189098CC1590B29300E60FB9 /* left.png in Resources */,
				18A5BC241593200F000BC676 /* 3x3_grid.png in Resources */,
				18A5BC251593200F000BC676 /* button_blue_repeat@48.png in Resources */,
				18A5BC261593200F000BC676 /* button_blue_repeat@64.png in Resources */,
				18A5BC271593200F000BC676 /* button_blue_repeat@128.png in Resources */,
				18A5BC281593200F000BC676 /* camera.png in Resources */,
				18A5BC291593200F000BC676 /* camera@64.png in Resources */,
				18A5BC2A1593200F000BC676 /* disc@96.png in Resources */,
				18A5BC2B1593200F000BC676 /* disc@128.png in Resources */,
				18A5BC2C1593200F000BC676 /* disc@256.png in Resources */,
				18A5BC2D1593200F000BC676 /* gear@48.png in Resources */,
				18A5BC2E1593200F000BC676 /* gear@64.png in Resources */,
				18A5BC2F1593200F000BC676 /* gear@128.png in Resources */,
				18A5BC301593200F000BC676 /* video_camera@96.png in Resources */,
				18A5BC311593200F000BC676 /* video_camera@128.png in Resources */,
				18A5BC321593200F000BC676 /* video_camera@256.png in Resources */,
				18A5BC34159437B5000BC676 /* fether.jpeg in Resources */,
				18919C0215946BF70067B1CE /* Icon-72.png in Resources */,
				18919C0315946BF70067B1CE /* Icon-Small-50.png in Resources */,
				18919C0415946BF70067B1CE /* Icon-Small.png in Resources */,
				18919C0515946BF70067B1CE /* Icon-Small@2x.png in Resources */,
				18919C0615946BF70067B1CE /* Icon.png in Resources */,
				18919C0715946BF70067B1CE /* Icon@2x.png in Resources */,
				18919C09159478160067B1CE /* Default.png in Resources */,
				18919C0B15947A6A0067B1CE /* Icon-72@2x.png in Resources */,
			);
			runOnlyForDeploymentPostprocessing = 0;
		};
/* End PBXResourcesBuildPhase section */

/* Begin PBXSourcesBuildPhase section */
		189EBF2B158C508A00DF177C /* Sources */ = {
			isa = PBXSourcesBuildPhase;
			buildActionMask = 2147483647;
			files = (
				18005EBD158E4CAD005E8504 /* FSGPUImageFilterManager.m in Sources */,
				1888B27F158DFFBC00950C40 /* LaunchImageTransition.m in Sources */,
				189EBF40158C508A00DF177C /* main.m in Sources */,
				189EBF44158C508A00DF177C /* AppDelegate.m in Sources */,
				189EBF47158C508A00DF177C /* ViewController.m in Sources */,
				189EBFA6158CB8D300DF177C /* MKStoreManager.m in Sources */,
				189EBFA7158CB8D300DF177C /* MKStoreObserver.m in Sources */,
				189EBFB3158CBAA500DF177C /* MKSKProduct.m in Sources */,
				189EBFB4158CBAA500DF177C /* MKSKSubscriptionProduct.m in Sources */,
				189EBFBB158CBB0100DF177C /* JSONKit.m in Sources */,
				189EBFBC158CBB0100DF177C /* NSData+Base64.m in Sources */,
				189EBFBD158CBB0100DF177C /* SFHFKeychainUtils.m in Sources */,
			);
			runOnlyForDeploymentPostprocessing = 0;
		};
/* End PBXSourcesBuildPhase section */

/* Begin PBXTargetDependency section */
		189EBF6C158C56B200DF177C /* PBXTargetDependency */ = {
			isa = PBXTargetDependency;
			name = GPUImage;
			targetProxy = 189EBF6B158C56B200DF177C /* PBXContainerItemProxy */;
		};
/* End PBXTargetDependency section */

/* Begin PBXVariantGroup section */
		189EBF3C158C508A00DF177C /* InfoPlist.strings */ = {
			isa = PBXVariantGroup;
			children = (
				189EBF3D158C508A00DF177C /* en */,
			);
			name = InfoPlist.strings;
			sourceTree = "<group>";
		};
/* End PBXVariantGroup section */

/* Begin XCBuildConfiguration section */
		1888B269158DB9E300950C40 /* Dist */ = {
			isa = XCBuildConfiguration;
			buildSettings = {
				ALWAYS_SEARCH_USER_PATHS = NO;
				ARCHS = "$(ARCHS_STANDARD_32_BIT)";
				CLANG_ENABLE_OBJC_ARC = YES;
				CODE_SIGN_IDENTITY = "iPhone Developer";
				"CODE_SIGN_IDENTITY[sdk=iphoneos*]" = "iPhone Developer";
				COPY_PHASE_STRIP = YES;
				GCC_C_LANGUAGE_STANDARD = gnu99;
				GCC_VERSION = com.apple.compilers.llvm.clang.1_0;
				GCC_WARN_ABOUT_RETURN_TYPE = YES;
				GCC_WARN_UNINITIALIZED_AUTOS = YES;
				GCC_WARN_UNUSED_VARIABLE = YES;
				IPHONEOS_DEPLOYMENT_TARGET = 5.0;
				OTHER_CFLAGS = "-DNS_BLOCK_ASSERTIONS=1";
				PROVISIONING_PROFILE = "";
				SDKROOT = iphoneos;
				TARGETED_DEVICE_FAMILY = "1,2";
				VALIDATE_PRODUCT = YES;
			};
			name = Dist;
		};
		1888B26A158DB9E300950C40 /* Dist */ = {
			isa = XCBuildConfiguration;
			buildSettings = {
				CODE_SIGN_ENTITLEMENTS = sketchcam/sketchcam.entitlements;
				CODE_SIGN_IDENTITY = "iPhone Distribution";
				"CODE_SIGN_IDENTITY[sdk=iphoneos*]" = "iPhone Distribution: Shi Lin";
				GCC_PRECOMPILE_PREFIX_HEADER = YES;
				GCC_PREFIX_HEADER = "SketchCam/SketchCam-Prefix.pch";
				HEADER_SEARCH_PATHS = (
					"vendor/gpuimage/framework/source/**",
					vendor/mkstorekit/Externals,
				);
				INFOPLIST_FILE = "SketchCam/SketchCam-Info.plist";
				IPHONEOS_DEPLOYMENT_TARGET = 5.0;
				PRODUCT_NAME = "$(TARGET_NAME)";
				PROVISIONING_PROFILE = "";
				"PROVISIONING_PROFILE[sdk=iphoneos*]" = "6827BB88-43F8-4CF7-A721-76EC537177CA";
				WRAPPER_EXTENSION = app;
			};
			name = Dist;
		};
		1888B26B158DBACA00950C40 /* Adhoc */ = {
			isa = XCBuildConfiguration;
			buildSettings = {
				ALWAYS_SEARCH_USER_PATHS = NO;
				ARCHS = "$(ARCHS_STANDARD_32_BIT)";
				CLANG_ENABLE_OBJC_ARC = YES;
				CODE_SIGN_IDENTITY = "iPhone Distribution: Shi Lin";
				"CODE_SIGN_IDENTITY[sdk=iphoneos*]" = "iPhone Distribution: Shi Lin";
				COPY_PHASE_STRIP = YES;
				GCC_C_LANGUAGE_STANDARD = gnu99;
				GCC_VERSION = com.apple.compilers.llvm.clang.1_0;
				GCC_WARN_ABOUT_RETURN_TYPE = YES;
				GCC_WARN_UNINITIALIZED_AUTOS = YES;
				GCC_WARN_UNUSED_VARIABLE = YES;
				IPHONEOS_DEPLOYMENT_TARGET = 5.0;
				OTHER_CFLAGS = "-DNS_BLOCK_ASSERTIONS=1";
				PROVISIONING_PROFILE = "D583E7D6-FCBF-4A41-968A-F223209E9984";
				"PROVISIONING_PROFILE[sdk=iphoneos*]" = "D583E7D6-FCBF-4A41-968A-F223209E9984";
				SDKROOT = iphoneos;
				TARGETED_DEVICE_FAMILY = "1,2";
				VALIDATE_PRODUCT = YES;
			};
			name = Adhoc;
		};
		1888B26C158DBACA00950C40 /* Adhoc */ = {
			isa = XCBuildConfiguration;
			buildSettings = {
				CODE_SIGN_ENTITLEMENTS = sketchcam/sketchcam.entitlements;
				CODE_SIGN_IDENTITY = "iPhone Developer";
				GCC_PRECOMPILE_PREFIX_HEADER = YES;
				GCC_PREFIX_HEADER = "SketchCam/SketchCam-Prefix.pch";
				HEADER_SEARCH_PATHS = (
					"vendor/gpuimage/framework/source/**",
					vendor/mkstorekit/Externals,
				);
				INFOPLIST_FILE = "SketchCam/SketchCam-Info.plist";
				IPHONEOS_DEPLOYMENT_TARGET = 5.0;
				PRODUCT_NAME = "$(TARGET_NAME)";
				PROVISIONING_PROFILE = "";
				WRAPPER_EXTENSION = app;
			};
			name = Adhoc;
		};
		189EBF4E158C508A00DF177C /* Debug */ = {
			isa = XCBuildConfiguration;
			buildSettings = {
				ALWAYS_SEARCH_USER_PATHS = NO;
				ARCHS = "$(ARCHS_STANDARD_32_BIT)";
				CLANG_ENABLE_OBJC_ARC = YES;
				CODE_SIGN_IDENTITY = "iPhone Developer";
				"CODE_SIGN_IDENTITY[sdk=iphoneos*]" = "iPhone Developer";
				COPY_PHASE_STRIP = NO;
				GCC_C_LANGUAGE_STANDARD = gnu99;
				GCC_DYNAMIC_NO_PIC = NO;
				GCC_OPTIMIZATION_LEVEL = 0;
				GCC_PREPROCESSOR_DEFINITIONS = (
					"DEBUG=1",
					"$(inherited)",
				);
				GCC_SYMBOLS_PRIVATE_EXTERN = NO;
				GCC_VERSION = com.apple.compilers.llvm.clang.1_0;
				GCC_WARN_ABOUT_RETURN_TYPE = YES;
				GCC_WARN_UNINITIALIZED_AUTOS = YES;
				GCC_WARN_UNUSED_VARIABLE = YES;
				IPHONEOS_DEPLOYMENT_TARGET = 5.0;
				PROVISIONING_PROFILE = "";
				SDKROOT = iphoneos;
				TARGETED_DEVICE_FAMILY = "1,2";
			};
			name = Debug;
		};
		189EBF4F158C508A00DF177C /* Release */ = {
			isa = XCBuildConfiguration;
			buildSettings = {
				ALWAYS_SEARCH_USER_PATHS = NO;
				ARCHS = "$(ARCHS_STANDARD_32_BIT)";
				CLANG_ENABLE_OBJC_ARC = YES;
				CODE_SIGN_IDENTITY = "iPhone Developer";
				"CODE_SIGN_IDENTITY[sdk=iphoneos*]" = "iPhone Developer";
				COPY_PHASE_STRIP = YES;
				GCC_C_LANGUAGE_STANDARD = gnu99;
				GCC_VERSION = com.apple.compilers.llvm.clang.1_0;
				GCC_WARN_ABOUT_RETURN_TYPE = YES;
				GCC_WARN_UNINITIALIZED_AUTOS = YES;
				GCC_WARN_UNUSED_VARIABLE = YES;
				IPHONEOS_DEPLOYMENT_TARGET = 5.0;
				OTHER_CFLAGS = "-DNS_BLOCK_ASSERTIONS=1";
				PROVISIONING_PROFILE = "";
				SDKROOT = iphoneos;
				TARGETED_DEVICE_FAMILY = "1,2";
				VALIDATE_PRODUCT = YES;
			};
			name = Release;
		};
		189EBF51158C508A00DF177C /* Debug */ = {
			isa = XCBuildConfiguration;
			buildSettings = {
				CODE_SIGN_ENTITLEMENTS = sketchcam/sketchcam.entitlements;
				CODE_SIGN_IDENTITY = "iPhone Developer";
				GCC_PRECOMPILE_PREFIX_HEADER = YES;
				GCC_PREFIX_HEADER = "SketchCam/SketchCam-Prefix.pch";
				HEADER_SEARCH_PATHS = (
					"vendor/gpuimage/framework/source/**",
					vendor/mkstorekit/Externals,
				);
				INFOPLIST_FILE = "SketchCam/SketchCam-Info.plist";
				IPHONEOS_DEPLOYMENT_TARGET = 5.0;
				PRODUCT_NAME = "$(TARGET_NAME)";
				PROVISIONING_PROFILE = "";
				WRAPPER_EXTENSION = app;
			};
			name = Debug;
		};
		189EBF52158C508A00DF177C /* Release */ = {
			isa = XCBuildConfiguration;
			buildSettings = {
				CODE_SIGN_ENTITLEMENTS = sketchcam/sketchcam.entitlements;
				CODE_SIGN_IDENTITY = "iPhone Developer";
				GCC_PRECOMPILE_PREFIX_HEADER = YES;
				GCC_PREFIX_HEADER = "SketchCam/SketchCam-Prefix.pch";
				HEADER_SEARCH_PATHS = (
					"vendor/gpuimage/framework/source/**",
					vendor/mkstorekit/Externals,
				);
				INFOPLIST_FILE = "SketchCam/SketchCam-Info.plist";
				IPHONEOS_DEPLOYMENT_TARGET = 5.0;
				PRODUCT_NAME = "$(TARGET_NAME)";
				PROVISIONING_PROFILE = "";
				WRAPPER_EXTENSION = app;
			};
			name = Release;
		};
/* End XCBuildConfiguration section */

/* Begin XCConfigurationList section */
		189EBF29158C508900DF177C /* Build configuration list for PBXProject "SketchCam" */ = {
			isa = XCConfigurationList;
			buildConfigurations = (
				189EBF4E158C508A00DF177C /* Debug */,
				189EBF4F158C508A00DF177C /* Release */,
				1888B269158DB9E300950C40 /* Dist */,
				1888B26B158DBACA00950C40 /* Adhoc */,
			);
			defaultConfigurationIsVisible = 0;
			defaultConfigurationName = Release;
		};
		189EBF50158C508A00DF177C /* Build configuration list for PBXNativeTarget "ArtCam" */ = {
			isa = XCConfigurationList;
			buildConfigurations = (
				189EBF51158C508A00DF177C /* Debug */,
				189EBF52158C508A00DF177C /* Release */,
				1888B26A158DB9E300950C40 /* Dist */,
				1888B26C158DBACA00950C40 /* Adhoc */,
			);
			defaultConfigurationIsVisible = 0;
			defaultConfigurationName = Release;
		};
/* End XCConfigurationList section */
	};
	rootObject = 189EBF26158C508900DF177C /* Project object */;
}
