// !$*UTF8*$!
{
	archiveVersion = 1;
	classes = {
	};
	objectVersion = 46;
	objects = {

/* Begin PBXBuildFile section */
		189EBF34158C508A00DF177C /* UIKit.framework in Frameworks */ = {isa = PBXBuildFile; fileRef = 189EBF33158C508A00DF177C /* UIKit.framework */; };
		189EBF36158C508A00DF177C /* Foundation.framework in Frameworks */ = {isa = PBXBuildFile; fileRef = 189EBF35158C508A00DF177C /* Foundation.framework */; };
		189EBF38158C508A00DF177C /* CoreGraphics.framework in Frameworks */ = {isa = PBXBuildFile; fileRef = 189EBF37158C508A00DF177C /* CoreGraphics.framework */; };
		189EBF3E158C508A00DF177C /* InfoPlist.strings in Resources */ = {isa = PBXBuildFile; fileRef = 189EBF3C158C508A00DF177C /* InfoPlist.strings */; };
		189EBF40158C508A00DF177C /* main.m in Sources */ = {isa = PBXBuildFile; fileRef = 189EBF3F158C508A00DF177C /* main.m */; };
		189EBF44158C508A00DF177C /* AppDelegate.m in Sources */ = {isa = PBXBuildFile; fileRef = 189EBF43158C508A00DF177C /* AppDelegate.m */; };
		189EBF47158C508A00DF177C /* ViewController.m in Sources */ = {isa = PBXBuildFile; fileRef = 189EBF46158C508A00DF177C /* ViewController.m */; };
		189EBF4A158C508A00DF177C /* ViewController_iPhone.xib in Resources */ = {isa = PBXBuildFile; fileRef = 189EBF48158C508A00DF177C /* ViewController_iPhone.xib */; };
		189EBF4D158C508A00DF177C /* ViewController_iPad.xib in Resources */ = {isa = PBXBuildFile; fileRef = 189EBF4B158C508A00DF177C /* ViewController_iPad.xib */; };
/* End PBXBuildFile section */

/* Begin PBXFileReference section */
		189EBF2F158C508A00DF177C /* SketchCam.app */ = {isa = PBXFileReference; explicitFileType = wrapper.application; includeInIndex = 0; path = SketchCam.app; sourceTree = BUILT_PRODUCTS_DIR; };
		189EBF33158C508A00DF177C /* UIKit.framework */ = {isa = PBXFileReference; lastKnownFileType = wrapper.framework; name = UIKit.framework; path = System/Library/Frameworks/UIKit.framework; sourceTree = SDKROOT; };
		189EBF35158C508A00DF177C /* Foundation.framework */ = {isa = PBXFileReference; lastKnownFileType = wrapper.framework; name = Foundation.framework; path = System/Library/Frameworks/Foundation.framework; sourceTree = SDKROOT; };
		189EBF37158C508A00DF177C /* CoreGraphics.framework */ = {isa = PBXFileReference; lastKnownFileType = wrapper.framework; name = CoreGraphics.framework; path = System/Library/Frameworks/CoreGraphics.framework; sourceTree = SDKROOT; };
		189EBF3B158C508A00DF177C /* SketchCam-Info.plist */ = {isa = PBXFileReference; path = "SketchCam-Info.plist"; sourceTree = "<group>"; };
		189EBF3D158C508A00DF177C /* en */ = {isa = PBXFileReference; lastKnownFileType = text.plist.strings; name = en; path = en.lproj/InfoPlist.strings; sourceTree = "<group>"; };
		189EBF3F158C508A00DF177C /* main.m */ = {isa = PBXFileReference; lastKnownFileType = sourcecode.c.objc; path = main.m; sourceTree = "<group>"; };
		189EBF41158C508A00DF177C /* SketchCam-Prefix.pch */ = {isa = PBXFileReference; path = "SketchCam-Prefix.pch"; sourceTree = "<group>"; };
		189EBF42158C508A00DF177C /* AppDelegate.h */ = {isa = PBXFileReference; path = AppDelegate.h; sourceTree = "<group>"; };
		189EBF43158C508A00DF177C /* AppDelegate.m */ = {isa = PBXFileReference; lastKnownFileType = sourcecode.c.objc; path = AppDelegate.m; sourceTree = "<group>"; };
		189EBF45158C508A00DF177C /* ViewController.h */ = {isa = PBXFileReference; path = ViewController.h; sourceTree = "<group>"; };
		189EBF46158C508A00DF177C /* ViewController.m */ = {isa = PBXFileReference; lastKnownFileType = sourcecode.c.objc; path = ViewController.m; sourceTree = "<group>"; };
		189EBF49158C508A00DF177C /* en */ = {isa = PBXFileReference; lastKnownFileType = file.xib; name = en; path = en.lproj/ViewController_iPhone.xib; sourceTree = "<group>"; };
		189EBF4C158C508A00DF177C /* en */ = {isa = PBXFileReference; lastKnownFileType = file.xib; name = en; path = en.lproj/ViewController_iPad.xib; sourceTree = "<group>"; };
/* End PBXFileReference section */

/* Begin PBXFrameworksBuildPhase section */
		189EBF2C158C508A00DF177C /* Frameworks */ = {
			isa = PBXFrameworksBuildPhase;
			buildActionMask = 2147483647;
			files = (
				189EBF34158C508A00DF177C /* UIKit.framework in Frameworks */,
				189EBF36158C508A00DF177C /* Foundation.framework in Frameworks */,
				189EBF38158C508A00DF177C /* CoreGraphics.framework in Frameworks */,
			);
			runOnlyForDeploymentPostprocessing = 0;
		};
/* End PBXFrameworksBuildPhase section */

/* Begin PBXGroup section */
		189EBF24158C508900DF177C = {
			isa = PBXGroup;
			children = (
				189EBF39158C508A00DF177C /* SketchCam */,
				189EBF32158C508A00DF177C /* Frameworks */,
				189EBF30158C508A00DF177C /* Products */,
			);
			sourceTree = "<group>";
		};
		189EBF30158C508A00DF177C /* Products */ = {
			isa = PBXGroup;
			children = (
				189EBF2F158C508A00DF177C /* SketchCam.app */,
			);
			name = Products;
			sourceTree = "<group>";
		};
		189EBF32158C508A00DF177C /* Frameworks */ = {
			isa = PBXGroup;
			children = (
				189EBF33158C508A00DF177C /* UIKit.framework */,
				189EBF35158C508A00DF177C /* Foundation.framework */,
				189EBF37158C508A00DF177C /* CoreGraphics.framework */,
			);
			name = Frameworks;
			sourceTree = "<group>";
		};
		189EBF39158C508A00DF177C /* SketchCam */ = {
			isa = PBXGroup;
			children = (
				189EBF42158C508A00DF177C /* AppDelegate.h */,
				189EBF43158C508A00DF177C /* AppDelegate.m */,
				189EBF45158C508A00DF177C /* ViewController.h */,
				189EBF46158C508A00DF177C /* ViewController.m */,
				189EBF48158C508A00DF177C /* ViewController_iPhone.xib */,
				189EBF4B158C508A00DF177C /* ViewController_iPad.xib */,
				189EBF3A158C508A00DF177C /* Supporting Files */,
			);
			path = SketchCam;
			sourceTree = "<group>";
		};
		189EBF3A158C508A00DF177C /* Supporting Files */ = {
			isa = PBXGroup;
			children = (
				189EBF3B158C508A00DF177C /* SketchCam-Info.plist */,
				189EBF3C158C508A00DF177C /* InfoPlist.strings */,
				189EBF3F158C508A00DF177C /* main.m */,
				189EBF41158C508A00DF177C /* SketchCam-Prefix.pch */,
			);
			name = "Supporting Files";
			sourceTree = "<group>";
		};
/* End PBXGroup section */

/* Begin PBXNativeTarget section */
		189EBF2E158C508A00DF177C /* SketchCam */ = {
			isa = PBXNativeTarget;
			buildConfigurationList = 189EBF50158C508A00DF177C /* Build configuration list for PBXNativeTarget "SketchCam" */;
			buildPhases = (
				189EBF2B158C508A00DF177C /* Sources */,
				189EBF2C158C508A00DF177C /* Frameworks */,
				189EBF2D158C508A00DF177C /* Resources */,
			);
			buildRules = (
			);
			dependencies = (
			);
			name = SketchCam;
			productName = SketchCam;
			productReference = 189EBF2F158C508A00DF177C /* SketchCam.app */;
			productType = "com.apple.product-type.application";
		};
/* End PBXNativeTarget section */

/* Begin PBXProject section */
		189EBF26158C508900DF177C /* Project object */ = {
			isa = PBXProject;
			attributes = {
				LastUpgradeCheck = 0430;
			};
			buildConfigurationList = 189EBF29158C508900DF177C /* Build configuration list for PBXProject "SketchCam" */;
			compatibilityVersion = "Xcode 3.2";
			developmentRegion = English;
			hasScannedForEncodings = 0;
			knownRegions = (
				en,
			);
			mainGroup = 189EBF24158C508900DF177C;
			productRefGroup = 189EBF30158C508A00DF177C /* Products */;
			projectDirPath = "";
			projectRoot = "";
			targets = (
				189EBF2E158C508A00DF177C /* SketchCam */,
			);
		};
/* End PBXProject section */

/* Begin PBXResourcesBuildPhase section */
		189EBF2D158C508A00DF177C /* Resources */ = {
			isa = PBXResourcesBuildPhase;
			buildActionMask = 2147483647;
			files = (
				189EBF3E158C508A00DF177C /* InfoPlist.strings in Resources */,
				189EBF4A158C508A00DF177C /* ViewController_iPhone.xib in Resources */,
				189EBF4D158C508A00DF177C /* ViewController_iPad.xib in Resources */,
			);
			runOnlyForDeploymentPostprocessing = 0;
		};
/* End PBXResourcesBuildPhase section */

/* Begin PBXSourcesBuildPhase section */
		189EBF2B158C508A00DF177C /* Sources */ = {
			isa = PBXSourcesBuildPhase;
			buildActionMask = 2147483647;
			files = (
				189EBF40158C508A00DF177C /* main.m in Sources */,
				189EBF44158C508A00DF177C /* AppDelegate.m in Sources */,
				189EBF47158C508A00DF177C /* ViewController.m in Sources */,
			);
			runOnlyForDeploymentPostprocessing = 0;
		};
/* End PBXSourcesBuildPhase section */

/* Begin PBXVariantGroup section */
		189EBF3C158C508A00DF177C /* InfoPlist.strings */ = {
			isa = PBXVariantGroup;
			children = (
				189EBF3D158C508A00DF177C /* en */,
			);
			name = InfoPlist.strings;
			sourceTree = "<group>";
		};
		189EBF48158C508A00DF177C /* ViewController_iPhone.xib */ = {
			isa = PBXVariantGroup;
			children = (
				189EBF49158C508A00DF177C /* en */,
			);
			name = ViewController_iPhone.xib;
			sourceTree = "<group>";
		};
		189EBF4B158C508A00DF177C /* ViewController_iPad.xib */ = {
			isa = PBXVariantGroup;
			children = (
				189EBF4C158C508A00DF177C /* en */,
			);
			name = ViewController_iPad.xib;
			sourceTree = "<group>";
		};
/* End PBXVariantGroup section */

/* Begin XCBuildConfiguration section */
		189EBF4E158C508A00DF177C /* Debug */ = {
			isa = XCBuildConfiguration;
			buildSettings = {
				ALWAYS_SEARCH_USER_PATHS = NO;
				ARCHS = "$(ARCHS_STANDARD_32_BIT)";
				CLANG_ENABLE_OBJC_ARC = YES;
				"CODE_SIGN_IDENTITY[sdk=iphoneos*]" = "iPhone Developer";
				COPY_PHASE_STRIP = NO;
				GCC_C_LANGUAGE_STANDARD = gnu99;
				GCC_DYNAMIC_NO_PIC = NO;
				GCC_OPTIMIZATION_LEVEL = 0;
				GCC_PREPROCESSOR_DEFINITIONS = (
					"DEBUG=1",
					"$(inherited)",
				);
				GCC_SYMBOLS_PRIVATE_EXTERN = NO;
				GCC_VERSION = com.apple.compilers.llvm.clang.1_0;
				GCC_WARN_ABOUT_RETURN_TYPE = YES;
				GCC_WARN_UNINITIALIZED_AUTOS = YES;
				GCC_WARN_UNUSED_VARIABLE = YES;
				IPHONEOS_DEPLOYMENT_TARGET = 5.1;
				SDKROOT = iphoneos;
				TARGETED_DEVICE_FAMILY = "1,2";
			};
			name = Debug;
		};
		189EBF4F158C508A00DF177C /* Release */ = {
			isa = XCBuildConfiguration;
			buildSettings = {
				ALWAYS_SEARCH_USER_PATHS = NO;
				ARCHS = "$(ARCHS_STANDARD_32_BIT)";
				CLANG_ENABLE_OBJC_ARC = YES;
				"CODE_SIGN_IDENTITY[sdk=iphoneos*]" = "iPhone Developer";
				COPY_PHASE_STRIP = YES;
				GCC_C_LANGUAGE_STANDARD = gnu99;
				GCC_VERSION = com.apple.compilers.llvm.clang.1_0;
				GCC_WARN_ABOUT_RETURN_TYPE = YES;
				GCC_WARN_UNINITIALIZED_AUTOS = YES;
				GCC_WARN_UNUSED_VARIABLE = YES;
				IPHONEOS_DEPLOYMENT_TARGET = 5.1;
				OTHER_CFLAGS = "-DNS_BLOCK_ASSERTIONS=1";
				SDKROOT = iphoneos;
				TARGETED_DEVICE_FAMILY = "1,2";
				VALIDATE_PRODUCT = YES;
			};
			name = Release;
		};
		189EBF51158C508A00DF177C /* Debug */ = {
			isa = XCBuildConfiguration;
			buildSettings = {
				GCC_PRECOMPILE_PREFIX_HEADER = YES;
				GCC_PREFIX_HEADER = "SketchCam/SketchCam-Prefix.pch";
				INFOPLIST_FILE = "SketchCam/SketchCam-Info.plist";
				PRODUCT_NAME = "$(TARGET_NAME)";
				WRAPPER_EXTENSION = app;
			};
			name = Debug;
		};
		189EBF52158C508A00DF177C /* Release */ = {
			isa = XCBuildConfiguration;
			buildSettings = {
				GCC_PRECOMPILE_PREFIX_HEADER = YES;
				GCC_PREFIX_HEADER = "SketchCam/SketchCam-Prefix.pch";
				INFOPLIST_FILE = "SketchCam/SketchCam-Info.plist";
				PRODUCT_NAME = "$(TARGET_NAME)";
				WRAPPER_EXTENSION = app;
			};
			name = Release;
		};
/* End XCBuildConfiguration section */

/* Begin XCConfigurationList section */
		189EBF29158C508900DF177C /* Build configuration list for PBXProject "SketchCam" */ = {
			isa = XCConfigurationList;
			buildConfigurations = (
				189EBF4E158C508A00DF177C /* Debug */,
				189EBF4F158C508A00DF177C /* Release */,
			);
			defaultConfigurationIsVisible = 0;
			defaultConfigurationName = Release;
		};
		189EBF50158C508A00DF177C /* Build configuration list for PBXNativeTarget "SketchCam" */ = {
			isa = XCConfigurationList;
			buildConfigurations = (
				189EBF51158C508A00DF177C /* Debug */,
				189EBF52158C508A00DF177C /* Release */,
			);
			defaultConfigurationIsVisible = 0;
		};
/* End XCConfigurationList section */
	};
	rootObject = 189EBF26158C508900DF177C /* Project object */;
}
